// !$*UTF8*$!
{
	archiveVersion = 1;
	classes = {
	};
	objectVersion = 50;
	objects = {

/* Begin PBXBuildFile section */
		C1D77A5726CCA9F700FB4111 /* EggTimerSlidesApp.swift in Sources */ = {isa = PBXBuildFile; fileRef = C1D77A5626CCA9F700FB4111 /* EggTimerSlidesApp.swift */; };
		C1D77A5926CCA9F700FB4111 /* ContentView.swift in Sources */ = {isa = PBXBuildFile; fileRef = C1D77A5826CCA9F700FB4111 /* ContentView.swift */; };
		C1D77A5B26CCA9F900FB4111 /* Assets.xcassets in Resources */ = {isa = PBXBuildFile; fileRef = C1D77A5A26CCA9F900FB4111 /* Assets.xcassets */; };
		C1D77A5E26CCA9F900FB4111 /* Preview Assets.xcassets in Resources */ = {isa = PBXBuildFile; fileRef = C1D77A5D26CCA9F900FB4111 /* Preview Assets.xcassets */; };
		C1D77A6926CCA9F900FB4111 /* EggTimerSlidesTests.swift in Sources */ = {isa = PBXBuildFile; fileRef = C1D77A6826CCA9F900FB4111 /* EggTimerSlidesTests.swift */; };
		C1D77A7426CCA9F900FB4111 /* EggTimerSlidesUITests.swift in Sources */ = {isa = PBXBuildFile; fileRef = C1D77A7326CCA9F900FB4111 /* EggTimerSlidesUITests.swift */; };
		C1D77A8226CCBDBE00FB4111 /* alarm_sound.mp3 in Resources */ = {isa = PBXBuildFile; fileRef = C1D77A8126CCBDBE00FB4111 /* alarm_sound.mp3 */; };
/* End PBXBuildFile section */

/* Begin PBXContainerItemProxy section */
		C1D77A6526CCA9F900FB4111 /* PBXContainerItemProxy */ = {
			isa = PBXContainerItemProxy;
			containerPortal = C1D77A4B26CCA9F700FB4111 /* Project object */;
			proxyType = 1;
			remoteGlobalIDString = C1D77A5226CCA9F700FB4111;
			remoteInfo = EggTimerSlides;
		};
		C1D77A7026CCA9F900FB4111 /* PBXContainerItemProxy */ = {
			isa = PBXContainerItemProxy;
			containerPortal = C1D77A4B26CCA9F700FB4111 /* Project object */;
			proxyType = 1;
			remoteGlobalIDString = C1D77A5226CCA9F700FB4111;
			remoteInfo = EggTimerSlides;
		};
/* End PBXContainerItemProxy section */

/* Begin PBXFileReference section */
		C1D77A5326CCA9F700FB4111 /* EggTimerSlides.app */ = {isa = PBXFileReference; explicitFileType = wrapper.application; includeInIndex = 0; path = EggTimerSlides.app; sourceTree = BUILT_PRODUCTS_DIR; };
		C1D77A5626CCA9F700FB4111 /* EggTimerSlidesApp.swift */ = {isa = PBXFileReference; lastKnownFileType = sourcecode.swift; path = EggTimerSlidesApp.swift; sourceTree = "<group>"; };
		C1D77A5826CCA9F700FB4111 /* ContentView.swift */ = {isa = PBXFileReference; lastKnownFileType = sourcecode.swift; path = ContentView.swift; sourceTree = "<group>"; };
		C1D77A5A26CCA9F900FB4111 /* Assets.xcassets */ = {isa = PBXFileReference; lastKnownFileType = folder.assetcatalog; path = Assets.xcassets; sourceTree = "<group>"; };
		C1D77A5D26CCA9F900FB4111 /* Preview Assets.xcassets */ = {isa = PBXFileReference; lastKnownFileType = folder.assetcatalog; path = "Preview Assets.xcassets"; sourceTree = "<group>"; };
		C1D77A5F26CCA9F900FB4111 /* Info.plist */ = {isa = PBXFileReference; lastKnownFileType = text.plist.xml; path = Info.plist; sourceTree = "<group>"; };
		C1D77A6426CCA9F900FB4111 /* EggTimerSlidesTests.xctest */ = {isa = PBXFileReference; explicitFileType = wrapper.cfbundle; includeInIndex = 0; path = EggTimerSlidesTests.xctest; sourceTree = BUILT_PRODUCTS_DIR; };
		C1D77A6826CCA9F900FB4111 /* EggTimerSlidesTests.swift */ = {isa = PBXFileReference; lastKnownFileType = sourcecode.swift; path = EggTimerSlidesTests.swift; sourceTree = "<group>"; };
		C1D77A6A26CCA9F900FB4111 /* Info.plist */ = {isa = PBXFileReference; lastKnownFileType = text.plist.xml; path = Info.plist; sourceTree = "<group>"; };
		C1D77A6F26CCA9F900FB4111 /* EggTimerSlidesUITests.xctest */ = {isa = PBXFileReference; explicitFileType = wrapper.cfbundle; includeInIndex = 0; path = EggTimerSlidesUITests.xctest; sourceTree = BUILT_PRODUCTS_DIR; };
		C1D77A7326CCA9F900FB4111 /* EggTimerSlidesUITests.swift */ = {isa = PBXFileReference; lastKnownFileType = sourcecode.swift; path = EggTimerSlidesUITests.swift; sourceTree = "<group>"; };
		C1D77A7526CCA9F900FB4111 /* Info.plist */ = {isa = PBXFileReference; lastKnownFileType = text.plist.xml; path = Info.plist; sourceTree = "<group>"; };
		C1D77A8126CCBDBE00FB4111 /* alarm_sound.mp3 */ = {isa = PBXFileReference; lastKnownFileType = audio.mp3; path = alarm_sound.mp3; sourceTree = "<group>"; };
/* End PBXFileReference section */

/* Begin PBXFrameworksBuildPhase section */
		C1D77A5026CCA9F700FB4111 /* Frameworks */ = {
			isa = PBXFrameworksBuildPhase;
			buildActionMask = 2147483647;
			files = (
			);
			runOnlyForDeploymentPostprocessing = 0;
		};
		C1D77A6126CCA9F900FB4111 /* Frameworks */ = {
			isa = PBXFrameworksBuildPhase;
			buildActionMask = 2147483647;
			files = (
			);
			runOnlyForDeploymentPostprocessing = 0;
		};
		C1D77A6C26CCA9F900FB4111 /* Frameworks */ = {
			isa = PBXFrameworksBuildPhase;
			buildActionMask = 2147483647;
			files = (
			);
			runOnlyForDeploymentPostprocessing = 0;
		};
/* End PBXFrameworksBuildPhase section */

/* Begin PBXGroup section */
		C1D77A4A26CCA9F700FB4111 = {
			isa = PBXGroup;
			children = (
				C1D77A5526CCA9F700FB4111 /* EggTimerSlides */,
				C1D77A6726CCA9F900FB4111 /* EggTimerSlidesTests */,
				C1D77A7226CCA9F900FB4111 /* EggTimerSlidesUITests */,
				C1D77A5426CCA9F700FB4111 /* Products */,
			);
			sourceTree = "<group>";
		};
		C1D77A5426CCA9F700FB4111 /* Products */ = {
			isa = PBXGroup;
			children = (
				C1D77A5326CCA9F700FB4111 /* EggTimerSlides.app */,
				C1D77A6426CCA9F900FB4111 /* EggTimerSlidesTests.xctest */,
				C1D77A6F26CCA9F900FB4111 /* EggTimerSlidesUITests.xctest */,
			);
			name = Products;
			sourceTree = "<group>";
		};
		C1D77A5526CCA9F700FB4111 /* EggTimerSlides */ = {
			isa = PBXGroup;
			children = (
				C1D77A5626CCA9F700FB4111 /* EggTimerSlidesApp.swift */,
				C1D77A5826CCA9F700FB4111 /* ContentView.swift */,
				C1D77A5A26CCA9F900FB4111 /* Assets.xcassets */,
				C1D77A8126CCBDBE00FB4111 /* alarm_sound.mp3 */,
				C1D77A5F26CCA9F900FB4111 /* Info.plist */,
				C1D77A5C26CCA9F900FB4111 /* Preview Content */,
			);
			path = EggTimerSlides;
			sourceTree = "<group>";
		};
		C1D77A5C26CCA9F900FB4111 /* Preview Content */ = {
			isa = PBXGroup;
			children = (
				C1D77A5D26CCA9F900FB4111 /* Preview Assets.xcassets */,
			);
			path = "Preview Content";
			sourceTree = "<group>";
		};
		C1D77A6726CCA9F900FB4111 /* EggTimerSlidesTests */ = {
			isa = PBXGroup;
			children = (
				C1D77A6826CCA9F900FB4111 /* EggTimerSlidesTests.swift */,
				C1D77A6A26CCA9F900FB4111 /* Info.plist */,
			);
			path = EggTimerSlidesTests;
			sourceTree = "<group>";
		};
		C1D77A7226CCA9F900FB4111 /* EggTimerSlidesUITests */ = {
			isa = PBXGroup;
			children = (
				C1D77A7326CCA9F900FB4111 /* EggTimerSlidesUITests.swift */,
				C1D77A7526CCA9F900FB4111 /* Info.plist */,
			);
			path = EggTimerSlidesUITests;
			sourceTree = "<group>";
		};
/* End PBXGroup section */

/* Begin PBXNativeTarget section */
		C1D77A5226CCA9F700FB4111 /* EggTimerSlides */ = {
			isa = PBXNativeTarget;
			buildConfigurationList = C1D77A7826CCA9F900FB4111 /* Build configuration list for PBXNativeTarget "EggTimerSlides" */;
			buildPhases = (
				C1D77A4F26CCA9F700FB4111 /* Sources */,
				C1D77A5026CCA9F700FB4111 /* Frameworks */,
				C1D77A5126CCA9F700FB4111 /* Resources */,
			);
			buildRules = (
			);
			dependencies = (
			);
			name = EggTimerSlides;
			productName = EggTimerSlides;
			productReference = C1D77A5326CCA9F700FB4111 /* EggTimerSlides.app */;
			productType = "com.apple.product-type.application";
		};
		C1D77A6326CCA9F900FB4111 /* EggTimerSlidesTests */ = {
			isa = PBXNativeTarget;
			buildConfigurationList = C1D77A7B26CCA9F900FB4111 /* Build configuration list for PBXNativeTarget "EggTimerSlidesTests" */;
			buildPhases = (
				C1D77A6026CCA9F900FB4111 /* Sources */,
				C1D77A6126CCA9F900FB4111 /* Frameworks */,
				C1D77A6226CCA9F900FB4111 /* Resources */,
			);
			buildRules = (
			);
			dependencies = (
				C1D77A6626CCA9F900FB4111 /* PBXTargetDependency */,
			);
			name = EggTimerSlidesTests;
			productName = EggTimerSlidesTests;
			productReference = C1D77A6426CCA9F900FB4111 /* EggTimerSlidesTests.xctest */;
			productType = "com.apple.product-type.bundle.unit-test";
		};
		C1D77A6E26CCA9F900FB4111 /* EggTimerSlidesUITests */ = {
			isa = PBXNativeTarget;
			buildConfigurationList = C1D77A7E26CCA9F900FB4111 /* Build configuration list for PBXNativeTarget "EggTimerSlidesUITests" */;
			buildPhases = (
				C1D77A6B26CCA9F900FB4111 /* Sources */,
				C1D77A6C26CCA9F900FB4111 /* Frameworks */,
				C1D77A6D26CCA9F900FB4111 /* Resources */,
			);
			buildRules = (
			);
			dependencies = (
				C1D77A7126CCA9F900FB4111 /* PBXTargetDependency */,
			);
			name = EggTimerSlidesUITests;
			productName = EggTimerSlidesUITests;
			productReference = C1D77A6F26CCA9F900FB4111 /* EggTimerSlidesUITests.xctest */;
			productType = "com.apple.product-type.bundle.ui-testing";
		};
/* End PBXNativeTarget section */

/* Begin PBXProject section */
		C1D77A4B26CCA9F700FB4111 /* Project object */ = {
			isa = PBXProject;
			attributes = {
				LastSwiftUpdateCheck = 1250;
				LastUpgradeCheck = 1250;
				TargetAttributes = {
					C1D77A5226CCA9F700FB4111 = {
						CreatedOnToolsVersion = 12.5.1;
					};
					C1D77A6326CCA9F900FB4111 = {
						CreatedOnToolsVersion = 12.5.1;
						TestTargetID = C1D77A5226CCA9F700FB4111;
					};
					C1D77A6E26CCA9F900FB4111 = {
						CreatedOnToolsVersion = 12.5.1;
						TestTargetID = C1D77A5226CCA9F700FB4111;
					};
				};
			};
			buildConfigurationList = C1D77A4E26CCA9F700FB4111 /* Build configuration list for PBXProject "EggTimerSlides" */;
			compatibilityVersion = "Xcode 9.3";
			developmentRegion = en;
			hasScannedForEncodings = 0;
			knownRegions = (
				en,
				Base,
			);
			mainGroup = C1D77A4A26CCA9F700FB4111;
			productRefGroup = C1D77A5426CCA9F700FB4111 /* Products */;
			projectDirPath = "";
			projectRoot = "";
			targets = (
				C1D77A5226CCA9F700FB4111 /* EggTimerSlides */,
				C1D77A6326CCA9F900FB4111 /* EggTimerSlidesTests */,
				C1D77A6E26CCA9F900FB4111 /* EggTimerSlidesUITests */,
			);
		};
/* End PBXProject section */

/* Begin PBXResourcesBuildPhase section */
		C1D77A5126CCA9F700FB4111 /* Resources */ = {
			isa = PBXResourcesBuildPhase;
			buildActionMask = 2147483647;
			files = (
				C1D77A5E26CCA9F900FB4111 /* Preview Assets.xcassets in Resources */,
				C1D77A8226CCBDBE00FB4111 /* alarm_sound.mp3 in Resources */,
				C1D77A5B26CCA9F900FB4111 /* Assets.xcassets in Resources */,
			);
			runOnlyForDeploymentPostprocessing = 0;
		};
		C1D77A6226CCA9F900FB4111 /* Resources */ = {
			isa = PBXResourcesBuildPhase;
			buildActionMask = 2147483647;
			files = (
			);
			runOnlyForDeploymentPostprocessing = 0;
		};
		C1D77A6D26CCA9F900FB4111 /* Resources */ = {
			isa = PBXResourcesBuildPhase;
			buildActionMask = 2147483647;
			files = (
			);
			runOnlyForDeploymentPostprocessing = 0;
		};
/* End PBXResourcesBuildPhase section */

/* Begin PBXSourcesBuildPhase section */
		C1D77A4F26CCA9F700FB4111 /* Sources */ = {
			isa = PBXSourcesBuildPhase;
			buildActionMask = 2147483647;
			files = (
				C1D77A5926CCA9F700FB4111 /* ContentView.swift in Sources */,
				C1D77A5726CCA9F700FB4111 /* EggTimerSlidesApp.swift in Sources */,
			);
			runOnlyForDeploymentPostprocessing = 0;
		};
		C1D77A6026CCA9F900FB4111 /* Sources */ = {
			isa = PBXSourcesBuildPhase;
			buildActionMask = 2147483647;
			files = (
				C1D77A6926CCA9F900FB4111 /* EggTimerSlidesTests.swift in Sources */,
			);
			runOnlyForDeploymentPostprocessing = 0;
		};
		C1D77A6B26CCA9F900FB4111 /* Sources */ = {
			isa = PBXSourcesBuildPhase;
			buildActionMask = 2147483647;
			files = (
				C1D77A7426CCA9F900FB4111 /* EggTimerSlidesUITests.swift in Sources */,
			);
			runOnlyForDeploymentPostprocessing = 0;
		};
/* End PBXSourcesBuildPhase section */

/* Begin PBXTargetDependency section */
		C1D77A6626CCA9F900FB4111 /* PBXTargetDependency */ = {
			isa = PBXTargetDependency;
			target = C1D77A5226CCA9F700FB4111 /* EggTimerSlides */;
			targetProxy = C1D77A6526CCA9F900FB4111 /* PBXContainerItemProxy */;
		};
		C1D77A7126CCA9F900FB4111 /* PBXTargetDependency */ = {
			isa = PBXTargetDependency;
			target = C1D77A5226CCA9F700FB4111 /* EggTimerSlides */;
			targetProxy = C1D77A7026CCA9F900FB4111 /* PBXContainerItemProxy */;
		};
/* End PBXTargetDependency section */

/* Begin XCBuildConfiguration section */
		C1D77A7626CCA9F900FB4111 /* Debug */ = {
			isa = XCBuildConfiguration;
			buildSettings = {
				ALWAYS_SEARCH_USER_PATHS = NO;
				CLANG_ANALYZER_NONNULL = YES;
				CLANG_ANALYZER_NUMBER_OBJECT_CONVERSION = YES_AGGRESSIVE;
				CLANG_CXX_LANGUAGE_STANDARD = "gnu++14";
				CLANG_CXX_LIBRARY = "libc++";
				CLANG_ENABLE_MODULES = YES;
				CLANG_ENABLE_OBJC_ARC = YES;
				CLANG_ENABLE_OBJC_WEAK = YES;
				CLANG_WARN_BLOCK_CAPTURE_AUTORELEASING = YES;
				CLANG_WARN_BOOL_CONVERSION = YES;
				CLANG_WARN_COMMA = YES;
				CLANG_WARN_CONSTANT_CONVERSION = YES;
				CLANG_WARN_DEPRECATED_OBJC_IMPLEMENTATIONS = YES;
				CLANG_WARN_DIRECT_OBJC_ISA_USAGE = YES_ERROR;
				CLANG_WARN_DOCUMENTATION_COMMENTS = YES;
				CLANG_WARN_EMPTY_BODY = YES;
				CLANG_WARN_ENUM_CONVERSION = YES;
				CLANG_WARN_INFINITE_RECURSION = YES;
				CLANG_WARN_INT_CONVERSION = YES;
				CLANG_WARN_NON_LITERAL_NULL_CONVERSION = YES;
				CLANG_WARN_OBJC_IMPLICIT_RETAIN_SELF = YES;
				CLANG_WARN_OBJC_LITERAL_CONVERSION = YES;
				CLANG_WARN_OBJC_ROOT_CLASS = YES_ERROR;
				CLANG_WARN_QUOTED_INCLUDE_IN_FRAMEWORK_HEADER = YES;
				CLANG_WARN_RANGE_LOOP_ANALYSIS = YES;
				CLANG_WARN_STRICT_PROTOTYPES = YES;
				CLANG_WARN_SUSPICIOUS_MOVE = YES;
				CLANG_WARN_UNGUARDED_AVAILABILITY = YES_AGGRESSIVE;
				CLANG_WARN_UNREACHABLE_CODE = YES;
				CLANG_WARN__DUPLICATE_METHOD_MATCH = YES;
				COPY_PHASE_STRIP = NO;
				DEBUG_INFORMATION_FORMAT = dwarf;
				ENABLE_STRICT_OBJC_MSGSEND = YES;
				ENABLE_TESTABILITY = YES;
				GCC_C_LANGUAGE_STANDARD = gnu11;
				GCC_DYNAMIC_NO_PIC = NO;
				GCC_NO_COMMON_BLOCKS = YES;
				GCC_OPTIMIZATION_LEVEL = 0;
				GCC_PREPROCESSOR_DEFINITIONS = (
					"DEBUG=1",
					"$(inherited)",
				);
				GCC_WARN_64_TO_32_BIT_CONVERSION = YES;
				GCC_WARN_ABOUT_RETURN_TYPE = YES_ERROR;
				GCC_WARN_UNDECLARED_SELECTOR = YES;
				GCC_WARN_UNINITIALIZED_AUTOS = YES_AGGRESSIVE;
				GCC_WARN_UNUSED_FUNCTION = YES;
				GCC_WARN_UNUSED_VARIABLE = YES;
				IPHONEOS_DEPLOYMENT_TARGET = 14.5;
				MTL_ENABLE_DEBUG_INFO = INCLUDE_SOURCE;
				MTL_FAST_MATH = YES;
				ONLY_ACTIVE_ARCH = YES;
				SDKROOT = iphoneos;
				SWIFT_ACTIVE_COMPILATION_CONDITIONS = DEBUG;
				SWIFT_OPTIMIZATION_LEVEL = "-Onone";
			};
			name = Debug;
		};
		C1D77A7726CCA9F900FB4111 /* Release */ = {
			isa = XCBuildConfiguration;
			buildSettings = {
				ALWAYS_SEARCH_USER_PATHS = NO;
				CLANG_ANALYZER_NONNULL = YES;
				CLANG_ANALYZER_NUMBER_OBJECT_CONVERSION = YES_AGGRESSIVE;
				CLANG_CXX_LANGUAGE_STANDARD = "gnu++14";
				CLANG_CXX_LIBRARY = "libc++";
				CLANG_ENABLE_MODULES = YES;
				CLANG_ENABLE_OBJC_ARC = YES;
				CLANG_ENABLE_OBJC_WEAK = YES;
				CLANG_WARN_BLOCK_CAPTURE_AUTORELEASING = YES;
				CLANG_WARN_BOOL_CONVERSION = YES;
				CLANG_WARN_COMMA = YES;
				CLANG_WARN_CONSTANT_CONVERSION = YES;
				CLANG_WARN_DEPRECATED_OBJC_IMPLEMENTATIONS = YES;
				CLANG_WARN_DIRECT_OBJC_ISA_USAGE = YES_ERROR;
				CLANG_WARN_DOCUMENTATION_COMMENTS = YES;
				CLANG_WARN_EMPTY_BODY = YES;
				CLANG_WARN_ENUM_CONVERSION = YES;
				CLANG_WARN_INFINITE_RECURSION = YES;
				CLANG_WARN_INT_CONVERSION = YES;
				CLANG_WARN_NON_LITERAL_NULL_CONVERSION = YES;
				CLANG_WARN_OBJC_IMPLICIT_RETAIN_SELF = YES;
				CLANG_WARN_OBJC_LITERAL_CONVERSION = YES;
				CLANG_WARN_OBJC_ROOT_CLASS = YES_ERROR;
				CLANG_WARN_QUOTED_INCLUDE_IN_FRAMEWORK_HEADER = YES;
				CLANG_WARN_RANGE_LOOP_ANALYSIS = YES;
				CLANG_WARN_STRICT_PROTOTYPES = YES;
				CLANG_WARN_SUSPICIOUS_MOVE = YES;
				CLANG_WARN_UNGUARDED_AVAILABILITY = YES_AGGRESSIVE;
				CLANG_WARN_UNREACHABLE_CODE = YES;
				CLANG_WARN__DUPLICATE_METHOD_MATCH = YES;
				COPY_PHASE_STRIP = NO;
				DEBUG_INFORMATION_FORMAT = "dwarf-with-dsym";
				ENABLE_NS_ASSERTIONS = NO;
				ENABLE_STRICT_OBJC_MSGSEND = YES;
				GCC_C_LANGUAGE_STANDARD = gnu11;
				GCC_NO_COMMON_BLOCKS = YES;
				GCC_WARN_64_TO_32_BIT_CONVERSION = YES;
				GCC_WARN_ABOUT_RETURN_TYPE = YES_ERROR;
				GCC_WARN_UNDECLARED_SELECTOR = YES;
				GCC_WARN_UNINITIALIZED_AUTOS = YES_AGGRESSIVE;
				GCC_WARN_UNUSED_FUNCTION = YES;
				GCC_WARN_UNUSED_VARIABLE = YES;
				IPHONEOS_DEPLOYMENT_TARGET = 14.5;
				MTL_ENABLE_DEBUG_INFO = NO;
				MTL_FAST_MATH = YES;
				SDKROOT = iphoneos;
				SWIFT_COMPILATION_MODE = wholemodule;
				SWIFT_OPTIMIZATION_LEVEL = "-O";
				VALIDATE_PRODUCT = YES;
			};
			name = Release;
		};
		C1D77A7926CCA9F900FB4111 /* Debug */ = {
			isa = XCBuildConfiguration;
			buildSettings = {
				ASSETCATALOG_COMPILER_APPICON_NAME = AppIcon;
				ASSETCATALOG_COMPILER_GLOBAL_ACCENT_COLOR_NAME = AccentColor;
				CODE_SIGN_STYLE = Automatic;
				DEVELOPMENT_ASSET_PATHS = "\"EggTimerSlides/Preview Content\"";
				ENABLE_PREVIEWS = YES;
				INFOPLIST_FILE = EggTimerSlides/Info.plist;
				IPHONEOS_DEPLOYMENT_TARGET = 14.0;
				LD_RUNPATH_SEARCH_PATHS = (
					"$(inherited)",
					"@executable_path/Frameworks",
				);
				PRODUCT_BUNDLE_IDENTIFIER = jt.EggTimerSlides;
				PRODUCT_NAME = "$(TARGET_NAME)";
				SWIFT_VERSION = 5.0;
				TARGETED_DEVICE_FAMILY = "1,2";
			};
			name = Debug;
		};
		C1D77A7A26CCA9F900FB4111 /* Release */ = {
			isa = XCBuildConfiguration;
			buildSettings = {
				ASSETCATALOG_COMPILER_APPICON_NAME = AppIcon;
				ASSETCATALOG_COMPILER_GLOBAL_ACCENT_COLOR_NAME = AccentColor;
				CODE_SIGN_STYLE = Automatic;
				DEVELOPMENT_ASSET_PATHS = "\"EggTimerSlides/Preview Content\"";
				ENABLE_PREVIEWS = YES;
				INFOPLIST_FILE = EggTimerSlides/Info.plist;
				IPHONEOS_DEPLOYMENT_TARGET = 14.0;
				LD_RUNPATH_SEARCH_PATHS = (
					"$(inherited)",
					"@executable_path/Frameworks",
				);
				PRODUCT_BUNDLE_IDENTIFIER = jt.EggTimerSlides;
				PRODUCT_NAME = "$(TARGET_NAME)";
				SWIFT_VERSION = 5.0;
				TARGETED_DEVICE_FAMILY = "1,2";
			};
			name = Release;
		};
		C1D77A7C26CCA9F900FB4111 /* Debug */ = {
			isa = XCBuildConfiguration;
			buildSettings = {
				ALWAYS_EMBED_SWIFT_STANDARD_LIBRARIES = YES;
				BUNDLE_LOADER = "$(TEST_HOST)";
				CODE_SIGN_STYLE = Automatic;
				INFOPLIST_FILE = EggTimerSlidesTests/Info.plist;
				IPHONEOS_DEPLOYMENT_TARGET = 14.0;
				LD_RUNPATH_SEARCH_PATHS = (
					"$(inherited)",
					"@executable_path/Frameworks",
					"@loader_path/Frameworks",
				);
				PRODUCT_BUNDLE_IDENTIFIER = jt.EggTimerSlidesTests;
				PRODUCT_NAME = "$(TARGET_NAME)";
				SWIFT_VERSION = 5.0;
				TARGETED_DEVICE_FAMILY = "1,2";
				TEST_HOST = "$(BUILT_PRODUCTS_DIR)/EggTimerSlides.app/EggTimerSlides";
			};
			name = Debug;
		};
		C1D77A7D26CCA9F900FB4111 /* Release */ = {
			isa = XCBuildConfiguration;
			buildSettings = {
				ALWAYS_EMBED_SWIFT_STANDARD_LIBRARIES = YES;
				BUNDLE_LOADER = "$(TEST_HOST)";
				CODE_SIGN_STYLE = Automatic;
				INFOPLIST_FILE = EggTimerSlidesTests/Info.plist;
				IPHONEOS_DEPLOYMENT_TARGET = 14.0;
				LD_RUNPATH_SEARCH_PATHS = (
					"$(inherited)",
					"@executable_path/Frameworks",
					"@loader_path/Frameworks",
				);
				PRODUCT_BUNDLE_IDENTIFIER = jt.EggTimerSlidesTests;
				PRODUCT_NAME = "$(TARGET_NAME)";
				SWIFT_VERSION = 5.0;
				TARGETED_DEVICE_FAMILY = "1,2";
				TEST_HOST = "$(BUILT_PRODUCTS_DIR)/EggTimerSlides.app/EggTimerSlides";
			};
			name = Release;
		};
		C1D77A7F26CCA9F900FB4111 /* Debug */ = {
			isa = XCBuildConfiguration;
			buildSettings = {
				ALWAYS_EMBED_SWIFT_STANDARD_LIBRARIES = YES;
				CODE_SIGN_STYLE = Automatic;
				INFOPLIST_FILE = EggTimerSlidesUITests/Info.plist;
				LD_RUNPATH_SEARCH_PATHS = (
					"$(inherited)",
					"@executable_path/Frameworks",
					"@loader_path/Frameworks",
				);
				PRODUCT_BUNDLE_IDENTIFIER = jt.EggTimerSlidesUITests;
				PRODUCT_NAME = "$(TARGET_NAME)";
				SWIFT_VERSION = 5.0;
				TARGETED_DEVICE_FAMILY = "1,2";
				TEST_TARGET_NAME = EggTimerSlides;
			};
			name = Debug;
		};
		C1D77A8026CCA9F900FB4111 /* Release */ = {
			isa = XCBuildConfiguration;
			buildSettings = {
				ALWAYS_EMBED_SWIFT_STANDARD_LIBRARIES = YES;
				CODE_SIGN_STYLE = Automatic;
				INFOPLIST_FILE = EggTimerSlidesUITests/Info.plist;
				LD_RUNPATH_SEARCH_PATHS = (
					"$(inherited)",
					"@executable_path/Frameworks",
					"@loader_path/Frameworks",
				);
				PRODUCT_BUNDLE_IDENTIFIER = jt.EggTimerSlidesUITests;
				PRODUCT_NAME = "$(TARGET_NAME)";
				SWIFT_VERSION = 5.0;
				TARGETED_DEVICE_FAMILY = "1,2";
				TEST_TARGET_NAME = EggTimerSlides;
			};
			name = Release;
		};
/* End XCBuildConfiguration section */

/* Begin XCConfigurationList section */
		C1D77A4E26CCA9F700FB4111 /* Build configuration list for PBXProject "EggTimerSlides" */ = {
			isa = XCConfigurationList;
			buildConfigurations = (
				C1D77A7626CCA9F900FB4111 /* Debug */,
				C1D77A7726CCA9F900FB4111 /* Release */,
			);
			defaultConfigurationIsVisible = 0;
			defaultConfigurationName = Release;
		};
		C1D77A7826CCA9F900FB4111 /* Build configuration list for PBXNativeTarget "EggTimerSlides" */ = {
			isa = XCConfigurationList;
			buildConfigurations = (
				C1D77A7926CCA9F900FB4111 /* Debug */,
				C1D77A7A26CCA9F900FB4111 /* Release */,
			);
			defaultConfigurationIsVisible = 0;
			defaultConfigurationName = Release;
		};
		C1D77A7B26CCA9F900FB4111 /* Build configuration list for PBXNativeTarget "EggTimerSlidesTests" */ = {
			isa = XCConfigurationList;
			buildConfigurations = (
				C1D77A7C26CCA9F900FB4111 /* Debug */,
				C1D77A7D26CCA9F900FB4111 /* Release */,
			);
			defaultConfigurationIsVisible = 0;
			defaultConfigurationName = Release;
		};
		C1D77A7E26CCA9F900FB4111 /* Build configuration list for PBXNativeTarget "EggTimerSlidesUITests" */ = {
			isa = XCConfigurationList;
			buildConfigurations = (
				C1D77A7F26CCA9F900FB4111 /* Debug */,
				C1D77A8026CCA9F900FB4111 /* Release */,
			);
			defaultConfigurationIsVisible = 0;
			defaultConfigurationName = Release;
		};
/* End XCConfigurationList section */
	};
	rootObject = C1D77A4B26CCA9F700FB4111 /* Project object */;
}
